// !$*UTF8*$!
{
	archiveVersion = 1;
	classes = {
	};
	objectVersion = 77;
	objects = {

/* Begin PBXContainerItemProxy section */
		D9F818DE2FBA9F62005E204A /* PBXContainerItemProxy */ = {
			isa = PBXContainerItemProxy;
			containerPortal = D9F818C52FBA9F60005E204A /* Project object */;
			proxyType = 1;
			remoteGlobalIDString = D9F818CC2FBA9F60005E204A;
			remoteInfo = "CardWar Game";
		};
		D9F818E82FBA9F62005E204A /* PBXContainerItemProxy */ = {
			isa = PBXContainerItemProxy;
			containerPortal = D9F818C52FBA9F60005E204A /* Project object */;
			proxyType = 1;
			remoteGlobalIDString = D9F818CC2FBA9F60005E204A;
			remoteInfo = "CardWar Game";
		};
/* End PBXContainerItemProxy section */

/* Begin PBXFileReference section */
		D9F818CD2FBA9F61005E204A /* CardWar Game.app */ = {isa = PBXFileReference; explicitFileType = wrapper.application; includeInIndex = 0; path = "CardWar Game.app"; sourceTree = BUILT_PRODUCTS_DIR; };
		D9F818DD2FBA9F62005E204A /* CardWar GameTests.xctest */ = {isa = PBXFileReference; explicitFileType = wrapper.cfbundle; includeInIndex = 0; path = "CardWar GameTests.xctest"; sourceTree = BUILT_PRODUCTS_DIR; };
		D9F818E72FBA9F62005E204A /* CardWar GameUITests.xctest */ = {isa = PBXFileReference; explicitFileType = wrapper.cfbundle; includeInIndex = 0; path = "CardWar GameUITests.xctest"; sourceTree = BUILT_PRODUCTS_DIR; };
/* End PBXFileReference section */

/* Begin PBXFileSystemSynchronizedRootGroup section */
		D9F818CF2FBA9F61005E204A /* CardWar Game */ = {
			isa = PBXFileSystemSynchronizedRootGroup;
			path = "CardWar Game";
			sourceTree = "<group>";
		};
		D9F818E02FBA9F62005E204A /* CardWar GameTests */ = {
			isa = PBXFileSystemSynchronizedRootGroup;
			path = "CardWar GameTests";
			sourceTree = "<group>";
		};
		D9F818EA2FBA9F62005E204A /* CardWar GameUITests */ = {
			isa = PBXFileSystemSynchronizedRootGroup;
			path = "CardWar GameUITests";
			sourceTree = "<group>";
		};
/* End PBXFileSystemSynchronizedRootGroup section */

/* Begin PBXFrameworksBuildPhase section */
		D9F818CA2FBA9F60005E204A /* Frameworks */ = {
			isa = PBXFrameworksBuildPhase;
			buildActionMask = 2147483647;
			files = (
			);
			runOnlyForDeploymentPostprocessing = 0;
		};
		D9F818DA2FBA9F62005E204A /* Frameworks */ = {
			isa = PBXFrameworksBuildPhase;
			buildActionMask = 2147483647;
			files = (
			);
			runOnlyForDeploymentPostprocessing = 0;
		};
		D9F818E42FBA9F62005E204A /* Frameworks */ = {
			isa = PBXFrameworksBuildPhase;
			buildActionMask = 2147483647;
			files = (
			);
			runOnlyForDeploymentPostprocessing = 0;
		};
/* End PBXFrameworksBuildPhase section */

/* Begin PBXGroup section */
		D9F818C42FBA9F60005E204A = {
			isa = PBXGroup;
			children = (
				D9F818CF2FBA9F61005E204A /* CardWar Game */,
				D9F818E02FBA9F62005E204A /* CardWar GameTests */,
				D9F818EA2FBA9F62005E204A /* CardWar GameUITests */,
				D9F818CE2FBA9F61005E204A /* Products */,
			);
			sourceTree = "<group>";
		};
		D9F818CE2FBA9F61005E204A /* Products */ = {
			isa = PBXGroup;
			children = (
				D9F818CD2FBA9F61005E204A /* CardWar Game.app */,
				D9F818DD2FBA9F62005E204A /* CardWar GameTests.xctest */,
				D9F818E72FBA9F62005E204A /* CardWar GameUITests.xctest */,
			);
			name = Products;
			sourceTree = "<group>";
		};
/* End PBXGroup section */

/* Begin PBXNativeTarget section */
		D9F818CC2FBA9F60005E204A /* CardWar Game */ = {
			isa = PBXNativeTarget;
			buildConfigurationList = D9F818F12FBA9F62005E204A /* Build configuration list for PBXNativeTarget "CardWar Game" */;
			buildPhases = (
				D9F818C92FBA9F60005E204A /* Sources */,
				D9F818CA2FBA9F60005E204A /* Frameworks */,
				D9F818CB2FBA9F60005E204A /* Resources */,
			);
			buildRules = (
			);
			dependencies = (
			);
			fileSystemSynchronizedGroups = (
				D9F818CF2FBA9F61005E204A /* CardWar Game */,
			);
			name = "CardWar Game";
			packageProductDependencies = (
			);
			productName = "CardWar Game";
			productReference = D9F818CD2FBA9F61005E204A /* CardWar Game.app */;
			productType = "com.apple.product-type.application";
		};
		D9F818DC2FBA9F62005E204A /* CardWar GameTests */ = {
			isa = PBXNativeTarget;
			buildConfigurationList = D9F818F42FBA9F62005E204A /* Build configuration list for PBXNativeTarget "CardWar GameTests" */;
			buildPhases = (
				D9F818D92FBA9F62005E204A /* Sources */,
				D9F818DA2FBA9F62005E204A /* Frameworks */,
				D9F818DB2FBA9F62005E204A /* Resources */,
			);
			buildRules = (
			);
			dependencies = (
				D9F818DF2FBA9F62005E204A /* PBXTargetDependency */,
			);
			fileSystemSynchronizedGroups = (
				D9F818E02FBA9F62005E204A /* CardWar GameTests */,
			);
			name = "CardWar GameTests";
			packageProductDependencies = (
			);
			productName = "CardWar GameTests";
			productReference = D9F818DD2FBA9F62005E204A /* CardWar GameTests.xctest */;
			productType = "com.apple.product-type.bundle.unit-test";
		};
		D9F818E62FBA9F62005E204A /* CardWar GameUITests */ = {
			isa = PBXNativeTarget;
			buildConfigurationList = D9F818F72FBA9F62005E204A /* Build configuration list for PBXNativeTarget "CardWar GameUITests" */;
			buildPhases = (
				D9F818E32FBA9F62005E204A /* Sources */,
				D9F818E42FBA9F62005E204A /* Frameworks */,
				D9F818E52FBA9F62005E204A /* Resources */,
			);
			buildRules = (
			);
			dependencies = (
				D9F818E92FBA9F62005E204A /* PBXTargetDependency */,
			);
			fileSystemSynchronizedGroups = (
				D9F818EA2FBA9F62005E204A /* CardWar GameUITests */,
			);
			name = "CardWar GameUITests";
			packageProductDependencies = (
			);
			productName = "CardWar GameUITests";
			productReference = D9F818E72FBA9F62005E204A /* CardWar GameUITests.xctest */;
			productType = "com.apple.product-type.bundle.ui-testing";
		};
/* End PBXNativeTarget section */

/* Begin PBXProject section */
		D9F818C52FBA9F60005E204A /* Project object */ = {
			isa = PBXProject;
			attributes = {
				BuildIndependentTargetsInParallel = 1;
				LastSwiftUpdateCheck = 1620;
				LastUpgradeCheck = 1620;
				TargetAttributes = {
					D9F818CC2FBA9F60005E204A = {
						CreatedOnToolsVersion = 16.2;
					};
					D9F818DC2FBA9F62005E204A = {
						CreatedOnToolsVersion = 16.2;
						TestTargetID = D9F818CC2FBA9F60005E204A;
					};
					D9F818E62FBA9F62005E204A = {
						CreatedOnToolsVersion = 16.2;
						TestTargetID = D9F818CC2FBA9F60005E204A;
					};
				};
			};
			buildConfigurationList = D9F818C82FBA9F60005E204A /* Build configuration list for PBXProject "CardWar Game" */;
			developmentRegion = en;
			hasScannedForEncodings = 0;
			knownRegions = (
				en,
				Base,
			);
			mainGroup = D9F818C42FBA9F60005E204A;
			minimizedProjectReferenceProxies = 1;
			preferredProjectObjectVersion = 77;
			productRefGroup = D9F818CE2FBA9F61005E204A /* Products */;
			projectDirPath = "";
			projectRoot = "";
			targets = (
				D9F818CC2FBA9F60005E204A /* CardWar Game */,
				D9F818DC2FBA9F62005E204A /* CardWar GameTests */,
				D9F818E62FBA9F62005E204A /* CardWar GameUITests */,
			);
		};
/* End PBXProject section */

/* Begin PBXResourcesBuildPhase section */
		D9F818CB2FBA9F60005E204A /* Resources */ = {
			isa = PBXResourcesBuildPhase;
			buildActionMask = 2147483647;
			files = (
			);
			runOnlyForDeploymentPostprocessing = 0;
		};
		D9F818DB2FBA9F62005E204A /* Resources */ = {
			isa = PBXResourcesBuildPhase;
			buildActionMask = 2147483647;
			files = (
			);
			runOnlyForDeploymentPostprocessing = 0;
		};
		D9F818E52FBA9F62005E204A /* Resources */ = {
			isa = PBXResourcesBuildPhase;
			buildActionMask = 2147483647;
			files = (
			);
			runOnlyForDeploymentPostprocessing = 0;
		};
/* End PBXResourcesBuildPhase section */

/* Begin PBXSourcesBuildPhase section */
		D9F818C92FBA9F60005E204A /* Sources */ = {
			isa = PBXSourcesBuildPhase;
			buildActionMask = 2147483647;
			files = (
			);
			runOnlyForDeploymentPostprocessing = 0;
		};
		D9F818D92FBA9F62005E204A /* Sources */ = {
			isa = PBXSourcesBuildPhase;
			buildActionMask = 2147483647;
			files = (
			);
			runOnlyForDeploymentPostprocessing = 0;
		};
		D9F818E32FBA9F62005E204A /* Sources */ = {
			isa = PBXSourcesBuildPhase;
			buildActionMask = 2147483647;
			files = (
			);
			runOnlyForDeploymentPostprocessing = 0;
		};
/* End PBXSourcesBuildPhase section */

/* Begin PBXTargetDependency section */
		D9F818DF2FBA9F62005E204A /* PBXTargetDependency */ = {
			isa = PBXTargetDependency;
			target = D9F818CC2FBA9F60005E204A /* CardWar Game */;
			targetProxy = D9F818DE2FBA9F62005E204A /* PBXContainerItemProxy */;
		};
		D9F818E92FBA9F62005E204A /* PBXTargetDependency */ = {
			isa = PBXTargetDependency;
			target = D9F818CC2FBA9F60005E204A /* CardWar Game */;
			targetProxy = D9F818E82FBA9F62005E204A /* PBXContainerItemProxy */;
		};
/* End PBXTargetDependency section */

/* Begin XCBuildConfiguration section */
		D9F818EF2FBA9F62005E204A /* Debug */ = {
			isa = XCBuildConfiguration;
			buildSettings = {
				ALWAYS_SEARCH_USER_PATHS = NO;
				ASSETCATALOG_COMPILER_GENERATE_SWIFT_ASSET_SYMBOL_EXTENSIONS = YES;
				CLANG_ANALYZER_NONNULL = YES;
				CLANG_ANALYZER_NUMBER_OBJECT_CONVERSION = YES_AGGRESSIVE;
				CLANG_CXX_LANGUAGE_STANDARD = "gnu++20";
				CLANG_ENABLE_MODULES = YES;
				CLANG_ENABLE_OBJC_ARC = YES;
				CLANG_ENABLE_OBJC_WEAK = YES;
				CLANG_WARN_BLOCK_CAPTURE_AUTORELEASING = YES;
				CLANG_WARN_BOOL_CONVERSION = YES;
				CLANG_WARN_COMMA = YES;
				CLANG_WARN_CONSTANT_CONVERSION = YES;
				CLANG_WARN_DEPRECATED_OBJC_IMPLEMENTATIONS = YES;
				CLANG_WARN_DIRECT_OBJC_ISA_USAGE = YES_ERROR;
				CLANG_WARN_DOCUMENTATION_COMMENTS = YES;
				CLANG_WARN_EMPTY_BODY = YES;
				CLANG_WARN_ENUM_CONVERSION = YES;
				CLANG_WARN_INFINITE_RECURSION = YES;
				CLANG_WARN_INT_CONVERSION = YES;
				CLANG_WARN_NON_LITERAL_NULL_CONVERSION = YES;
				CLANG_WARN_OBJC_IMPLICIT_RETAIN_SELF = YES;
				CLANG_WARN_OBJC_LITERAL_CONVERSION = YES;
				CLANG_WARN_OBJC_ROOT_CLASS = YES_ERROR;
				CLANG_WARN_QUOTED_INCLUDE_IN_FRAMEWORK_HEADER = YES;
				CLANG_WARN_RANGE_LOOP_ANALYSIS = YES;
				CLANG_WARN_STRICT_PROTOTYPES = YES;
				CLANG_WARN_SUSPICIOUS_MOVE = YES;
				CLANG_WARN_UNGUARDED_AVAILABILITY = YES_AGGRESSIVE;
				CLANG_WARN_UNREACHABLE_CODE = YES;
				CLANG_WARN__DUPLICATE_METHOD_MATCH = YES;
				COPY_PHASE_STRIP = NO;
				DEBUG_INFORMATION_FORMAT = dwarf;
				ENABLE_STRICT_OBJC_MSGSEND = YES;
				ENABLE_TESTABILITY = YES;
				ENABLE_USER_SCRIPT_SANDBOXING = YES;
				GCC_C_LANGUAGE_STANDARD = gnu17;
				GCC_DYNAMIC_NO_PIC = NO;
				GCC_NO_COMMON_BLOCKS = YES;
				GCC_OPTIMIZATION_LEVEL = 0;
				GCC_PREPROCESSOR_DEFINITIONS = (
					"DEBUG=1",
					"$(inherited)",
				);
				GCC_WARN_64_TO_32_BIT_CONVERSION = YES;
				GCC_WARN_ABOUT_RETURN_TYPE = YES_ERROR;
				GCC_WARN_UNDECLARED_SELECTOR = YES;
				GCC_WARN_UNINITIALIZED_AUTOS = YES_AGGRESSIVE;
				GCC_WARN_UNUSED_FUNCTION = YES;
				GCC_WARN_UNUSED_VARIABLE = YES;
				IPHONEOS_DEPLOYMENT_TARGET = 18.2;
				LOCALIZATION_PREFERS_STRING_CATALOGS = YES;
				MTL_ENABLE_DEBUG_INFO = INCLUDE_SOURCE;
				MTL_FAST_MATH = YES;
				ONLY_ACTIVE_ARCH = YES;
				SDKROOT = iphoneos;
				SWIFT_ACTIVE_COMPILATION_CONDITIONS = "DEBUG $(inherited)";
				SWIFT_OPTIMIZATION_LEVEL = "-Onone";
			};
			name = Debug;
		};
		D9F818F02FBA9F62005E204A /* Release */ = {
			isa = XCBuildConfiguration;
			buildSettings = {
				ALWAYS_SEARCH_USER_PATHS = NO;
				ASSETCATALOG_COMPILER_GENERATE_SWIFT_ASSET_SYMBOL_EXTENSIONS = YES;
				CLANG_ANALYZER_NONNULL = YES;
				CLANG_ANALYZER_NUMBER_OBJECT_CONVERSION = YES_AGGRESSIVE;
				CLANG_CXX_LANGUAGE_STANDARD = "gnu++20";
				CLANG_ENABLE_MODULES = YES;
				CLANG_ENABLE_OBJC_ARC = YES;
				CLANG_ENABLE_OBJC_WEAK = YES;
				CLANG_WARN_BLOCK_CAPTURE_AUTORELEASING = YES;
				CLANG_WARN_BOOL_CONVERSION = YES;
				CLANG_WARN_COMMA = YES;
				CLANG_WARN_CONSTANT_CONVERSION = YES;
				CLANG_WARN_DEPRECATED_OBJC_IMPLEMENTATIONS = YES;
				CLANG_WARN_DIRECT_OBJC_ISA_USAGE = YES_ERROR;
				CLANG_WARN_DOCUMENTATION_COMMENTS = YES;
				CLANG_WARN_EMPTY_BODY = YES;
				CLANG_WARN_ENUM_CONVERSION = YES;
				CLANG_WARN_INFINITE_RECURSION = YES;
				CLANG_WARN_INT_CONVERSION = YES;
				CLANG_WARN_NON_LITERAL_NULL_CONVERSION = YES;
				CLANG_WARN_OBJC_IMPLICIT_RETAIN_SELF = YES;
				CLANG_WARN_OBJC_LITERAL_CONVERSION = YES;
				CLANG_WARN_OBJC_ROOT_CLASS = YES_ERROR;
				CLANG_WARN_QUOTED_INCLUDE_IN_FRAMEWORK_HEADER = YES;
				CLANG_WARN_RANGE_LOOP_ANALYSIS = YES;
				CLANG_WARN_STRICT_PROTOTYPES = YES;
				CLANG_WARN_SUSPICIOUS_MOVE = YES;
				CLANG_WARN_UNGUARDED_AVAILABILITY = YES_AGGRESSIVE;
				CLANG_WARN_UNREACHABLE_CODE = YES;
				CLANG_WARN__DUPLICATE_METHOD_MATCH = YES;
				COPY_PHASE_STRIP = NO;
				DEBUG_INFORMATION_FORMAT = "dwarf-with-dsym";
				ENABLE_NS_ASSERTIONS = NO;
				ENABLE_STRICT_OBJC_MSGSEND = YES;
				ENABLE_USER_SCRIPT_SANDBOXING = YES;
				GCC_C_LANGUAGE_STANDARD = gnu17;
				GCC_NO_COMMON_BLOCKS = YES;
				GCC_WARN_64_TO_32_BIT_CONVERSION = YES;
				GCC_WARN_ABOUT_RETURN_TYPE = YES_ERROR;
				GCC_WARN_UNDECLARED_SELECTOR = YES;
				GCC_WARN_UNINITIALIZED_AUTOS = YES_AGGRESSIVE;
				GCC_WARN_UNUSED_FUNCTION = YES;
				GCC_WARN_UNUSED_VARIABLE = YES;
				IPHONEOS_DEPLOYMENT_TARGET = 18.2;
				LOCALIZATION_PREFERS_STRING_CATALOGS = YES;
				MTL_ENABLE_DEBUG_INFO = NO;
				MTL_FAST_MATH = YES;
				SDKROOT = iphoneos;
				SWIFT_COMPILATION_MODE = wholemodule;
				VALIDATE_PRODUCT = YES;
			};
			name = Release;
		};
		D9F818F22FBA9F62005E204A /* Debug */ = {
			isa = XCBuildConfiguration;
			buildSettings = {
				ASSETCATALOG_COMPILER_APPICON_NAME = AppIcon;
				ASSETCATALOG_COMPILER_GLOBAL_ACCENT_COLOR_NAME = AccentColor;
				CODE_SIGN_STYLE = Automatic;
				CURRENT_PROJECT_VERSION = 1;
				DEVELOPMENT_ASSET_PATHS = "\"CardWar Game/Preview Content\"";
				ENABLE_PREVIEWS = YES;
				GENERATE_INFOPLIST_FILE = YES;
				INFOPLIST_KEY_UIApplicationSceneManifest_Generation = YES;
				INFOPLIST_KEY_UIApplicationSupportsIndirectInputEvents = YES;
				INFOPLIST_KEY_UILaunchScreen_Generation = YES;
				INFOPLIST_KEY_UISupportedInterfaceOrientations_iPad = "UIInterfaceOrientationPortrait UIInterfaceOrientationPortraitUpsideDown UIInterfaceOrientationLandscapeLeft UIInterfaceOrientationLandscapeRight";
				INFOPLIST_KEY_UISupportedInterfaceOrientations_iPhone = "UIInterfaceOrientationPortrait UIInterfaceOrientationLandscapeLeft UIInterfaceOrientationLandscapeRight";
				LD_RUNPATH_SEARCH_PATHS = (
					"$(inherited)",
					"@executable_path/Frameworks",
				);
				MARKETING_VERSION = 1.0;
				PRODUCT_BUNDLE_IDENTIFIER = "mansfieldimani20-gmail.com.CardWar-Game";
				PRODUCT_NAME = "$(TARGET_NAME)";
				SWIFT_EMIT_LOC_STRINGS = YES;
				SWIFT_VERSION = 5.0;
				TARGETED_DEVICE_FAMILY = "1,2";
			};
			name = Debug;
		};
		D9F818F32FBA9F62005E204A /* Release */ = {
			isa = XCBuildConfiguration;
			buildSettings = {
				ASSETCATALOG_COMPILER_APPICON_NAME = AppIcon;
				ASSETCATALOG_COMPILER_GLOBAL_ACCENT_COLOR_NAME = AccentColor;
				CODE_SIGN_STYLE = Automatic;
				CURRENT_PROJECT_VERSION = 1;
				DEVELOPMENT_ASSET_PATHS = "\"CardWar Game/Preview Content\"";
				ENABLE_PREVIEWS = YES;
				GENERATE_INFOPLIST_FILE = YES;
				INFOPLIST_KEY_UIApplicationSceneManifest_Generation = YES;
				INFOPLIST_KEY_UIApplicationSupportsIndirectInputEvents = YES;
				INFOPLIST_KEY_UILaunchScreen_Generation = YES;
				INFOPLIST_KEY_UISupportedInterfaceOrientations_iPad = "UIInterfaceOrientationPortrait UIInterfaceOrientationPortraitUpsideDown UIInterfaceOrientationLandscapeLeft UIInterfaceOrientationLandscapeRight";
				INFOPLIST_KEY_UISupportedInterfaceOrientations_iPhone = "UIInterfaceOrientationPortrait UIInterfaceOrientationLandscapeLeft UIInterfaceOrientationLandscapeRight";
				LD_RUNPATH_SEARCH_PATHS = (
					"$(inherited)",
					"@executable_path/Frameworks",
				);
				MARKETING_VERSION = 1.0;
				PRODUCT_BUNDLE_IDENTIFIER = "mansfieldimani20-gmail.com.CardWar-Game";
				PRODUCT_NAME = "$(TARGET_NAME)";
				SWIFT_EMIT_LOC_STRINGS = YES;
				SWIFT_VERSION = 5.0;
				TARGETED_DEVICE_FAMILY = "1,2";
			};
			name = Release;
		};
		D9F818F52FBA9F62005E204A /* Debug */ = {
			isa = XCBuildConfiguration;
			buildSettings = {
				BUNDLE_LOADER = "$(TEST_HOST)";
				CODE_SIGN_STYLE = Automatic;
				CURRENT_PROJECT_VERSION = 1;
				GENERATE_INFOPLIST_FILE = YES;
				IPHONEOS_DEPLOYMENT_TARGET = 18.2;
				MARKETING_VERSION = 1.0;
				PRODUCT_BUNDLE_IDENTIFIER = "mansfieldimani20-gmail.com.CardWar-GameTests";
				PRODUCT_NAME = "$(TARGET_NAME)";
				SWIFT_EMIT_LOC_STRINGS = NO;
				SWIFT_VERSION = 5.0;
				TARGETED_DEVICE_FAMILY = "1,2";
				TEST_HOST = "$(BUILT_PRODUCTS_DIR)/CardWar Game.app/$(BUNDLE_EXECUTABLE_FOLDER_PATH)/CardWar Game";
			};
			name = Debug;
		};
		D9F818F62FBA9F62005E204A /* Release */ = {
			isa = XCBuildConfiguration;
			buildSettings = {
				BUNDLE_LOADER = "$(TEST_HOST)";
				CODE_SIGN_STYLE = Automatic;
				CURRENT_PROJECT_VERSION = 1;
				GENERATE_INFOPLIST_FILE = YES;
				IPHONEOS_DEPLOYMENT_TARGET = 18.2;
				MARKETING_VERSION = 1.0;
				PRODUCT_BUNDLE_IDENTIFIER = "mansfieldimani20-gmail.com.CardWar-GameTests";
				PRODUCT_NAME = "$(TARGET_NAME)";
				SWIFT_EMIT_LOC_STRINGS = NO;
				SWIFT_VERSION = 5.0;
				TARGETED_DEVICE_FAMILY = "1,2";
				TEST_HOST = "$(BUILT_PRODUCTS_DIR)/CardWar Game.app/$(BUNDLE_EXECUTABLE_FOLDER_PATH)/CardWar Game";
			};
			name = Release;
		};
		D9F818F82FBA9F62005E204A /* Debug */ = {
			isa = XCBuildConfiguration;
			buildSettings = {
				CODE_SIGN_STYLE = Automatic;
				CURRENT_PROJECT_VERSION = 1;
				GENERATE_INFOPLIST_FILE = YES;
				MARKETING_VERSION = 1.0;
				PRODUCT_BUNDLE_IDENTIFIER = "mansfieldimani20-gmail.com.CardWar-GameUITests";
				PRODUCT_NAME = "$(TARGET_NAME)";
				SWIFT_EMIT_LOC_STRINGS = NO;
				SWIFT_VERSION = 5.0;
				TARGETED_DEVICE_FAMILY = "1,2";
				TEST_TARGET_NAME = "CardWar Game";
			};
			name = Debug;
		};
		D9F818F92FBA9F62005E204A /* Release */ = {
			isa = XCBuildConfiguration;
			buildSettings = {
				CODE_SIGN_STYLE = Automatic;
				CURRENT_PROJECT_VERSION = 1;
				GENERATE_INFOPLIST_FILE = YES;
				MARKETING_VERSION = 1.0;
				PRODUCT_BUNDLE_IDENTIFIER = "mansfieldimani20-gmail.com.CardWar-GameUITests";
				PRODUCT_NAME = "$(TARGET_NAME)";
				SWIFT_EMIT_LOC_STRINGS = NO;
				SWIFT_VERSION = 5.0;
				TARGETED_DEVICE_FAMILY = "1,2";
				TEST_TARGET_NAME = "CardWar Game";
			};
			name = Release;
		};
/* End XCBuildConfiguration section */

/* Begin XCConfigurationList section */
		D9F818C82FBA9F60005E204A /* Build configuration list for PBXProject "CardWar Game" */ = {
			isa = XCConfigurationList;
			buildConfigurations = (
				D9F818EF2FBA9F62005E204A /* Debug */,
				D9F818F02FBA9F62005E204A /* Release */,
			);
			defaultConfigurationIsVisible = 0;
			defaultConfigurationName = Release;
		};
		D9F818F12FBA9F62005E204A /* Build configuration list for PBXNativeTarget "CardWar Game" */ = {
			isa = XCConfigurationList;
			buildConfigurations = (
				D9F818F22FBA9F62005E204A /* Debug */,
				D9F818F32FBA9F62005E204A /* Release */,
			);
			defaultConfigurationIsVisible = 0;
			defaultConfigurationName = Release;
		};
		D9F818F42FBA9F62005E204A /* Build configuration list for PBXNativeTarget "CardWar GameTests" */ = {
			isa = XCConfigurationList;
			buildConfigurations = (
				D9F818F52FBA9F62005E204A /* Debug */,
				D9F818F62FBA9F62005E204A /* Release */,
			);
			defaultConfigurationIsVisible = 0;
			defaultConfigurationName = Release;
		};
		D9F818F72FBA9F62005E204A /* Build configuration list for PBXNativeTarget "CardWar GameUITests" */ = {
			isa = XCConfigurationList;
			buildConfigurations = (
				D9F818F82FBA9F62005E204A /* Debug */,
				D9F818F92FBA9F62005E204A /* Release */,
			);
			defaultConfigurationIsVisible = 0;
			defaultConfigurationName = Release;
		};
/* End XCConfigurationList section */
	};
	rootObject = D9F818C52FBA9F60005E204A /* Project object */;
}
